
Microsoft Visual Studio Solution File, Format Version 12.00
# Visual Studio 14
VisualStudioVersion = 14.0.25123.0
MinimumVisualStudioVersion = 10.0.40219.1
Project("{FAE04EC0-301F-11D3-BF4B-00C04F79EFBC}") = "LMS.Web", "LMS.Web\LMS.Web.csproj", "{C8B3E086-D6CC-4396-9421-F4A7AA685164}"
EndProject
Global
	GlobalSection(SolutionConfigurationPlatforms) = preSolution
		Debug|Any CPU = Debug|Any CPU
		Release|Any CPU = Release|Any CPU
	EndGlobalSection
	GlobalSection(ProjectConfigurationPlatforms) = postSolution
		{C8B3E086-D6CC-4396-9421-F4A7AA685164}.Debug|Any CPU.ActiveCfg = Debug|Any CPU
		{C8B3E086-D6CC-4396-9421-F4A7AA685164}.Debug|Any CPU.Build.0 = Debug|Any CPU
		{C8B3E086-D6CC-4396-9421-F4A7AA685164}.Release|Any CPU.ActiveCfg = Release|Any CPU
		{C8B3E086-D6CC-4396-9421-F4A7AA685164}.Release|Any CPU.Build.0 = Release|Any CPU
	EndGlobalSection
	GlobalSection(SolutionProperties) = preSolution
		HideSolutionNode = FALSE
	EndGlobalSection
EndGlobal
